PODS:
  - AFNetworking (2.6.3):
    - AFNetworking/NSURLConnection (= 2.6.3)
    - AFNetworking/NSURLSession (= 2.6.3)
    - AFNetworking/Reachability (= 2.6.3)
    - AFNetworking/Security (= 2.6.3)
    - AFNetworking/Serialization (= 2.6.3)
    - AFNetworking/UIKit (= 2.6.3)
  - AFNetworking/NSURLConnection (2.6.3):
    - AFNetworking/Reachability
    - AFNetworking/Security
    - AFNetworking/Serialization
  - AFNetworking/NSURLSession (2.6.3):
    - AFNetworking/Reachability
    - AFNetworking/Security
    - AFNetworking/Serialization
  - AFNetworking/Reachability (2.6.3)
  - AFNetworking/Security (2.6.3)
  - AFNetworking/Serialization (2.6.3)
  - AFNetworking/UIKit (2.6.3):
    - AFNetworking/NSURLConnection
    - AFNetworking/NSURLSession
  - AVOSCloud (3.10.0)
  - AVOSCloudCrashReporting (3.10.0):
    - AVOSCloud (= 3.10.0)
    - AVOSCloudCrashReporting/_ARC (= 3.10.0)
    - AVOSCloudCrashReporting/_NOARC (= 3.10.0)
  - AVOSCloudCrashReporting/_ARC (3.10.0):
    - AVOSCloud (= 3.10.0)
    - AVOSCloudCrashReporting/_NOARC (= 3.10.0)
  - AVOSCloudCrashReporting/_NOARC (3.10.0):
    - AVOSCloud (= 3.10.0)
  - AVOSCloudIM (3.10.0):
    - AVOSCloud (= 3.10.0)
    - AVOSCloudIM/_ARC (= 3.10.0)
    - AVOSCloudIM/_NOARC (= 3.10.0)
  - AVOSCloudIM/_ARC (3.10.0):
    - AVOSCloud (= 3.10.0)
    - AVOSCloudIM/_NOARC (= 3.10.0)
  - AVOSCloudIM/_NOARC (3.10.0):
    - AVOSCloud (= 3.10.0)
  - Bugly (2.4.7)
  - DACircularProgress (2.3.1)
  - EGYWebViewController (1.2)
  - LeanCloudSocial (0.0.8):
    - AFNetworking (~> 2.0)
    - AVOSCloud (~> 3.1)
  - LGSideMenuController (1.0.10)
  - MBProgressHUD (0.9.2)
  - MCFireworksButton (0.1)
  - MJRefresh (3.1.12)
  - MWPhotoBrowser (2.1.2):
    - DACircularProgress (~> 2.3)
    - MBProgressHUD (~> 0.9)
    - SDWebImage (!= 3.7.2, ~> 3.7)
  - SDWebImage (3.8.2):
    - SDWebImage/Core (= 3.8.2)
  - SDWebImage/Core (3.8.2)
  - SVProgressHUD (2.1.2)

DEPENDENCIES:
  - AFNetworking (~> 2.0)
  - AVOSCloud
  - AVOSCloudCrashReporting
  - AVOSCloudIM
  - Bugly
  - EGYWebViewController
  - LeanCloudSocial
  - LGSideMenuController (~> 1.0.0)
  - MCFireworksButton
  - MJRefresh
  - MWPhotoBrowser
  - SVProgressHUD

SPEC CHECKSUMS:
  AFNetworking: cb8d14a848e831097108418f5d49217339d4eb60
  AVOSCloud: 839b30ac3b382ad56c957ed6dd28a0a537d33d67
  AVOSCloudCrashReporting: 931211f7185b6849d1bf9dfc935202745182cc8d
  AVOSCloudIM: 13c9cf14b42304f4243d01906c17b5ee8f5529db
  Bugly: 2c256069145f550171907c5cb1c0f84ad291f6c1
  DACircularProgress: 4dd437c0fc3da5161cb289e07ac449493d41db71
  EGYWebViewController: 2f4e3ab19ec54ba6243e3e50b2d95091b114f4b5
  LeanCloudSocial: f7787dfc1559dc47263bbfd37a03c870352ad98a
  LGSideMenuController: 8682bdbd0008c1acfbce95eaf96cc3657bca5f95
  MBProgressHUD: 1569cf7ace17a8bac47aabfbb8580a49690386d1
  MCFireworksButton: ba531989811e2483e1b32e243fa2f545fd4fb779
  MJRefresh: b96cdb21c4aa75a7b07654311ab2f315c497e806
  MWPhotoBrowser: 5836d7aa041dc05a13de380c246826578adc5ea5
  SDWebImage: 098e97e6176540799c27e804c96653ee0833d13c
  SVProgressHUD: c404a55d78acbeb7ebb78b76d3faf986475a6994

PODFILE CHECKSUM: 1880fd7603243544dbdbd009af4a79bc203ad956

COCOAPODS: 1.2.0
